
Microsoft Visual Studio Solution File, Format Version 12.00
Project("{2150E333-8FDC-42A3-9474-1A3956D46DE8}") = "Clients", "Clients", "{397FE5B0-D895-4758-B57E-3B68CE7DED3C}"
EndProject
Project("{2150E333-8FDC-42A3-9474-1A3956D46DE8}") = "Common", "Common", "{4A55ED9C-3851-4440-BB88-09136D1BF003}"
EndProject
Project("{2150E333-8FDC-42A3-9474-1A3956D46DE8}") = "Services", "Services", "{993A46C7-23BF-489F-98F8-81CDB840D998}"
EndProject
Project("{FAE04EC0-301F-11D3-BF4B-00C04F79EFBC}") = "RNPM.Common", "RNPM.Common\RNPM.Common.csproj", "{49D62C2D-01DF-42A9-8533-7A9BFFC52D0D}"
EndProject
Project("{FAE04EC0-301F-11D3-BF4B-00C04F79EFBC}") = "RNPM.Web", "RNPM.Web\RNPM.Web.csproj", "{50AF817E-C756-46AD-9701-D22F1A010274}"
EndProject
Project("{FAE04EC0-301F-11D3-BF4B-00C04F79EFBC}") = "RNPM.Services.Core", "RNPM.Services.Core\RNPM.Services.Core.csproj", "{BDCC5953-C931-4343-B2EE-E4E09B2F46E8}"
EndProject
Project("{FAE04EC0-301F-11D3-BF4B-00C04F79EFBC}") = "RNPM.CodeOptimizer", "RNPM.CodeOptimizer\RNPM.CodeOptimizer.csproj", "{3ADA9939-1F38-476B-8309-E3682F4C3070}"
EndProject
Project("{2150E333-8FDC-42A3-9474-1A3956D46DE8}") = "Workers", "Workers", "{B4F5A82C-1430-439A-874A-DB36099827A2}"
EndProject
Project("{FAE04EC0-301F-11D3-BF4B-00C04F79EFBC}") = "RNPM.Workers.CodeOptimizer", "RNPM.Workers.CodeOptimizer\RNPM.Workers.CodeOptimizer.csproj", "{2CBAD341-EA40-4B91-9D98-7D2B4A4C616A}"
EndProject
Global
	GlobalSection(SolutionConfigurationPlatforms) = preSolution
		Debug|Any CPU = Debug|Any CPU
		Release|Any CPU = Release|Any CPU
	EndGlobalSection
	GlobalSection(NestedProjects) = preSolution
		{49D62C2D-01DF-42A9-8533-7A9BFFC52D0D} = {4A55ED9C-3851-4440-BB88-09136D1BF003}
		{50AF817E-C756-46AD-9701-D22F1A010274} = {397FE5B0-D895-4758-B57E-3B68CE7DED3C}
		{BDCC5953-C931-4343-B2EE-E4E09B2F46E8} = {993A46C7-23BF-489F-98F8-81CDB840D998}
		{3ADA9939-1F38-476B-8309-E3682F4C3070} = {4A55ED9C-3851-4440-BB88-09136D1BF003}
		{2CBAD341-EA40-4B91-9D98-7D2B4A4C616A} = {B4F5A82C-1430-439A-874A-DB36099827A2}
	EndGlobalSection
	GlobalSection(ProjectConfigurationPlatforms) = postSolution
		{49D62C2D-01DF-42A9-8533-7A9BFFC52D0D}.Debug|Any CPU.ActiveCfg = Debug|Any CPU
		{49D62C2D-01DF-42A9-8533-7A9BFFC52D0D}.Debug|Any CPU.Build.0 = Debug|Any CPU
		{49D62C2D-01DF-42A9-8533-7A9BFFC52D0D}.Release|Any CPU.ActiveCfg = Release|Any CPU
		{49D62C2D-01DF-42A9-8533-7A9BFFC52D0D}.Release|Any CPU.Build.0 = Release|Any CPU
		{50AF817E-C756-46AD-9701-D22F1A010274}.Debug|Any CPU.ActiveCfg = Debug|Any CPU
		{50AF817E-C756-46AD-9701-D22F1A010274}.Debug|Any CPU.Build.0 = Debug|Any CPU
		{50AF817E-C756-46AD-9701-D22F1A010274}.Release|Any CPU.ActiveCfg = Release|Any CPU
		{50AF817E-C756-46AD-9701-D22F1A010274}.Release|Any CPU.Build.0 = Release|Any CPU
		{BDCC5953-C931-4343-B2EE-E4E09B2F46E8}.Debug|Any CPU.ActiveCfg = Debug|Any CPU
		{BDCC5953-C931-4343-B2EE-E4E09B2F46E8}.Debug|Any CPU.Build.0 = Debug|Any CPU
		{BDCC5953-C931-4343-B2EE-E4E09B2F46E8}.Release|Any CPU.ActiveCfg = Release|Any CPU
		{BDCC5953-C931-4343-B2EE-E4E09B2F46E8}.Release|Any CPU.Build.0 = Release|Any CPU
		{3ADA9939-1F38-476B-8309-E3682F4C3070}.Debug|Any CPU.ActiveCfg = Debug|Any CPU
		{3ADA9939-1F38-476B-8309-E3682F4C3070}.Debug|Any CPU.Build.0 = Debug|Any CPU
		{3ADA9939-1F38-476B-8309-E3682F4C3070}.Release|Any CPU.ActiveCfg = Release|Any CPU
		{3ADA9939-1F38-476B-8309-E3682F4C3070}.Release|Any CPU.Build.0 = Release|Any CPU
		{2CBAD341-EA40-4B91-9D98-7D2B4A4C616A}.Debug|Any CPU.ActiveCfg = Debug|Any CPU
		{2CBAD341-EA40-4B91-9D98-7D2B4A4C616A}.Debug|Any CPU.Build.0 = Debug|Any CPU
		{2CBAD341-EA40-4B91-9D98-7D2B4A4C616A}.Release|Any CPU.ActiveCfg = Release|Any CPU
		{2CBAD341-EA40-4B91-9D98-7D2B4A4C616A}.Release|Any CPU.Build.0 = Release|Any CPU
	EndGlobalSection
EndGlobal
